// !$*UTF8*$!
{
	archiveVersion = 1;
	classes = {
	};
	objectVersion = 56;
	objects = {

/* Begin PBXBuildFile section */
		CC0489962B5979C1002EDAF4 /* CharacterViewController.swift in Sources */ = {isa = PBXBuildFile; fileRef = CC0489952B5979C1002EDAF4 /* CharacterViewController.swift */; };
		CC0489982B597A30002EDAF4 /* DetailViewController.swift in Sources */ = {isa = PBXBuildFile; fileRef = CC0489972B597A30002EDAF4 /* DetailViewController.swift */; };
		CC80511F2B5FE65D00D2E689 /* StarRatingView.swift in Sources */ = {isa = PBXBuildFile; fileRef = CC80511E2B5FE65D00D2E689 /* StarRatingView.swift */; };
		E015FE2A2B07E6AF00D3C1D6 /* EvaluatedViewController.swift in Sources */ = {isa = PBXBuildFile; fileRef = E015FE292B07E6AF00D3C1D6 /* EvaluatedViewController.swift */; };
		E015FE2D2B0AD78D00D3C1D6 /* MyCollectionViewCell.swift in Sources */ = {isa = PBXBuildFile; fileRef = E015FE2B2B0AD78D00D3C1D6 /* MyCollectionViewCell.swift */; };
		E015FE2E2B0AD78D00D3C1D6 /* MyCollectionViewCell.xib in Resources */ = {isa = PBXBuildFile; fileRef = E015FE2C2B0AD78D00D3C1D6 /* MyCollectionViewCell.xib */; };
		E015FE312B0B7EFE00D3C1D6 /* Reminder.swift in Sources */ = {isa = PBXBuildFile; fileRef = E015FE302B0B7EFE00D3C1D6 /* Reminder.swift */; };
		E0326FA62B065F8C006A7B96 /* AppDelegate.swift in Sources */ = {isa = PBXBuildFile; fileRef = E0326FA52B065F8C006A7B96 /* AppDelegate.swift */; };
		E0326FA82B065F8C006A7B96 /* SceneDelegate.swift in Sources */ = {isa = PBXBuildFile; fileRef = E0326FA72B065F8C006A7B96 /* SceneDelegate.swift */; };
		E0326FAD2B065F8C006A7B96 /* Main.storyboard in Resources */ = {isa = PBXBuildFile; fileRef = E0326FAB2B065F8C006A7B96 /* Main.storyboard */; };
		E0326FB02B065F8C006A7B96 /* GRUPO_FLG_3_M1.xcdatamodeld in Sources */ = {isa = PBXBuildFile; fileRef = E0326FAE2B065F8C006A7B96 /* GRUPO_FLG_3_M1.xcdatamodeld */; };
		E0326FB22B065F8E006A7B96 /* Assets.xcassets in Resources */ = {isa = PBXBuildFile; fileRef = E0326FB12B065F8E006A7B96 /* Assets.xcassets */; };
		E0326FB52B065F8E006A7B96 /* LaunchScreen.storyboard in Resources */ = {isa = PBXBuildFile; fileRef = E0326FB32B065F8E006A7B96 /* LaunchScreen.storyboard */; };
		E0326FC02B065F8E006A7B96 /* GRUPO_FLG_3_M1Tests.swift in Sources */ = {isa = PBXBuildFile; fileRef = E0326FBF2B065F8E006A7B96 /* GRUPO_FLG_3_M1Tests.swift */; };
		E0326FCA2B065F8E006A7B96 /* GRUPO_FLG_3_M1UITests.swift in Sources */ = {isa = PBXBuildFile; fileRef = E0326FC92B065F8E006A7B96 /* GRUPO_FLG_3_M1UITests.swift */; };
		E0326FCC2B065F8E006A7B96 /* GRUPO_FLG_3_M1UITestsLaunchTests.swift in Sources */ = {isa = PBXBuildFile; fileRef = E0326FCB2B065F8E006A7B96 /* GRUPO_FLG_3_M1UITestsLaunchTests.swift */; };
		E0326FD92B06A5C4006A7B96 /* FavoriteViewController.swift in Sources */ = {isa = PBXBuildFile; fileRef = E0326FD82B06A5C4006A7B96 /* FavoriteViewController.swift */; };
		E0326FDB2B06A6B7006A7B96 /* SettingsViewController.swift in Sources */ = {isa = PBXBuildFile; fileRef = E0326FDA2B06A6B7006A7B96 /* SettingsViewController.swift */; };
		E05C78602B0BEF74004374D8 /* ReminderE.swift in Sources */ = {isa = PBXBuildFile; fileRef = E05C785F2B0BEF74004374D8 /* ReminderE.swift */; };
		E05C78842B0C277F004374D8 /* Date+Today.swift in Sources */ = {isa = PBXBuildFile; fileRef = E05C78832B0C277F004374D8 /* Date+Today.swift */; };
		E05C78862B0C27AD004374D8 /* UIColor+Today.swift in Sources */ = {isa = PBXBuildFile; fileRef = E05C78852B0C27AD004374D8 /* UIColor+Today.swift */; };
		E05C78882B0C27D4004374D8 /* Charater.swift in Sources */ = {isa = PBXBuildFile; fileRef = E05C78872B0C27D4004374D8 /* Charater.swift */; };
		E06E55192B0CE84B00ADD844 /* MyCacheManager.swift in Sources */ = {isa = PBXBuildFile; fileRef = E06E55182B0CE84B00ADD844 /* MyCacheManager.swift */; };
		E0D268102B5EA9A600C1ED04 /* CharacterTableViewCell.swift in Sources */ = {isa = PBXBuildFile; fileRef = E0D2680F2B5EA9A600C1ED04 /* CharacterTableViewCell.swift */; };
		E0D57CCB2B18DF6B00727DC1 /* GOTService.swift in Sources */ = {isa = PBXBuildFile; fileRef = E0D57CCA2B18DF6B00727DC1 /* GOTService.swift */; };
/* End PBXBuildFile section */

/* Begin PBXContainerItemProxy section */
		E0326FBC2B065F8E006A7B96 /* PBXContainerItemProxy */ = {
			isa = PBXContainerItemProxy;
			containerPortal = E0326F9A2B065F8C006A7B96 /* Project object */;
			proxyType = 1;
			remoteGlobalIDString = E0326FA12B065F8C006A7B96;
			remoteInfo = GRUPO_FLG_3_M1;
		};
		E0326FC62B065F8E006A7B96 /* PBXContainerItemProxy */ = {
			isa = PBXContainerItemProxy;
			containerPortal = E0326F9A2B065F8C006A7B96 /* Project object */;
			proxyType = 1;
			remoteGlobalIDString = E0326FA12B065F8C006A7B96;
			remoteInfo = GRUPO_FLG_3_M1;
		};
/* End PBXContainerItemProxy section */

/* Begin PBXFileReference section */
		CC0489952B5979C1002EDAF4 /* CharacterViewController.swift */ = {isa = PBXFileReference; lastKnownFileType = sourcecode.swift; path = CharacterViewController.swift; sourceTree = "<group>"; };
		CC0489972B597A30002EDAF4 /* DetailViewController.swift */ = {isa = PBXFileReference; lastKnownFileType = sourcecode.swift; path = DetailViewController.swift; sourceTree = "<group>"; };
		CC80511E2B5FE65D00D2E689 /* StarRatingView.swift */ = {isa = PBXFileReference; lastKnownFileType = sourcecode.swift; path = StarRatingView.swift; sourceTree = "<group>"; };
		E015FE292B07E6AF00D3C1D6 /* EvaluatedViewController.swift */ = {isa = PBXFileReference; lastKnownFileType = sourcecode.swift; path = EvaluatedViewController.swift; sourceTree = "<group>"; };
		E015FE2B2B0AD78D00D3C1D6 /* MyCollectionViewCell.swift */ = {isa = PBXFileReference; lastKnownFileType = sourcecode.swift; path = MyCollectionViewCell.swift; sourceTree = "<group>"; };
		E015FE2C2B0AD78D00D3C1D6 /* MyCollectionViewCell.xib */ = {isa = PBXFileReference; lastKnownFileType = file.xib; path = MyCollectionViewCell.xib; sourceTree = "<group>"; };
		E015FE302B0B7EFE00D3C1D6 /* Reminder.swift */ = {isa = PBXFileReference; lastKnownFileType = sourcecode.swift; path = Reminder.swift; sourceTree = "<group>"; };
		E0326FA22B065F8C006A7B96 /* GRUPO_FLG_3_M1.app */ = {isa = PBXFileReference; explicitFileType = wrapper.application; includeInIndex = 0; path = GRUPO_FLG_3_M1.app; sourceTree = BUILT_PRODUCTS_DIR; };
		E0326FA52B065F8C006A7B96 /* AppDelegate.swift */ = {isa = PBXFileReference; lastKnownFileType = sourcecode.swift; path = AppDelegate.swift; sourceTree = "<group>"; };
		E0326FA72B065F8C006A7B96 /* SceneDelegate.swift */ = {isa = PBXFileReference; lastKnownFileType = sourcecode.swift; path = SceneDelegate.swift; sourceTree = "<group>"; };
		E0326FAC2B065F8C006A7B96 /* Base */ = {isa = PBXFileReference; lastKnownFileType = file.storyboard; name = Base; path = Base.lproj/Main.storyboard; sourceTree = "<group>"; };
		E0326FAF2B065F8C006A7B96 /* GRUPO_FLG_3_M1.xcdatamodel */ = {isa = PBXFileReference; lastKnownFileType = wrapper.xcdatamodel; path = GRUPO_FLG_3_M1.xcdatamodel; sourceTree = "<group>"; };
		E0326FB12B065F8E006A7B96 /* Assets.xcassets */ = {isa = PBXFileReference; lastKnownFileType = folder.assetcatalog; path = Assets.xcassets; sourceTree = "<group>"; };
		E0326FB42B065F8E006A7B96 /* Base */ = {isa = PBXFileReference; lastKnownFileType = file.storyboard; name = Base; path = Base.lproj/LaunchScreen.storyboard; sourceTree = "<group>"; };
		E0326FB62B065F8E006A7B96 /* Info.plist */ = {isa = PBXFileReference; lastKnownFileType = text.plist.xml; path = Info.plist; sourceTree = "<group>"; };
		E0326FBB2B065F8E006A7B96 /* GRUPO_FLG_3_M1Tests.xctest */ = {isa = PBXFileReference; explicitFileType = wrapper.cfbundle; includeInIndex = 0; path = GRUPO_FLG_3_M1Tests.xctest; sourceTree = BUILT_PRODUCTS_DIR; };
		E0326FBF2B065F8E006A7B96 /* GRUPO_FLG_3_M1Tests.swift */ = {isa = PBXFileReference; lastKnownFileType = sourcecode.swift; path = GRUPO_FLG_3_M1Tests.swift; sourceTree = "<group>"; };
		E0326FC52B065F8E006A7B96 /* GRUPO_FLG_3_M1UITests.xctest */ = {isa = PBXFileReference; explicitFileType = wrapper.cfbundle; includeInIndex = 0; path = GRUPO_FLG_3_M1UITests.xctest; sourceTree = BUILT_PRODUCTS_DIR; };
		E0326FC92B065F8E006A7B96 /* GRUPO_FLG_3_M1UITests.swift */ = {isa = PBXFileReference; lastKnownFileType = sourcecode.swift; path = GRUPO_FLG_3_M1UITests.swift; sourceTree = "<group>"; };
		E0326FCB2B065F8E006A7B96 /* GRUPO_FLG_3_M1UITestsLaunchTests.swift */ = {isa = PBXFileReference; lastKnownFileType = sourcecode.swift; path = GRUPO_FLG_3_M1UITestsLaunchTests.swift; sourceTree = "<group>"; };
		E0326FD82B06A5C4006A7B96 /* FavoriteViewController.swift */ = {isa = PBXFileReference; lastKnownFileType = sourcecode.swift; path = FavoriteViewController.swift; sourceTree = "<group>"; };
		E0326FDA2B06A6B7006A7B96 /* SettingsViewController.swift */ = {isa = PBXFileReference; lastKnownFileType = sourcecode.swift; path = SettingsViewController.swift; sourceTree = "<group>"; };
		E05C785F2B0BEF74004374D8 /* ReminderE.swift */ = {isa = PBXFileReference; lastKnownFileType = sourcecode.swift; path = ReminderE.swift; sourceTree = "<group>"; };
		E05C78832B0C277F004374D8 /* Date+Today.swift */ = {isa = PBXFileReference; lastKnownFileType = sourcecode.swift; path = "Date+Today.swift"; sourceTree = "<group>"; };
		E05C78852B0C27AD004374D8 /* UIColor+Today.swift */ = {isa = PBXFileReference; lastKnownFileType = sourcecode.swift; path = "UIColor+Today.swift"; sourceTree = "<group>"; };
		E05C78872B0C27D4004374D8 /* Charater.swift */ = {isa = PBXFileReference; lastKnownFileType = sourcecode.swift; path = Charater.swift; sourceTree = "<group>"; };
		E06E55182B0CE84B00ADD844 /* MyCacheManager.swift */ = {isa = PBXFileReference; lastKnownFileType = sourcecode.swift; path = MyCacheManager.swift; sourceTree = "<group>"; };
		E0D2680F2B5EA9A600C1ED04 /* CharacterTableViewCell.swift */ = {isa = PBXFileReference; lastKnownFileType = sourcecode.swift; path = CharacterTableViewCell.swift; sourceTree = "<group>"; };
		E0D57CCA2B18DF6B00727DC1 /* GOTService.swift */ = {isa = PBXFileReference; lastKnownFileType = sourcecode.swift; path = GOTService.swift; sourceTree = "<group>"; };
/* End PBXFileReference section */

/* Begin PBXFrameworksBuildPhase section */
		E0326F9F2B065F8C006A7B96 /* Frameworks */ = {
			isa = PBXFrameworksBuildPhase;
			buildActionMask = 2147483647;
			files = (
			);
			runOnlyForDeploymentPostprocessing = 0;
		};
		E0326FB82B065F8E006A7B96 /* Frameworks */ = {
			isa = PBXFrameworksBuildPhase;
			buildActionMask = 2147483647;
			files = (
			);
			runOnlyForDeploymentPostprocessing = 0;
		};
		E0326FC22B065F8E006A7B96 /* Frameworks */ = {
			isa = PBXFrameworksBuildPhase;
			buildActionMask = 2147483647;
			files = (
			);
			runOnlyForDeploymentPostprocessing = 0;
		};
/* End PBXFrameworksBuildPhase section */

/* Begin PBXGroup section */
		E015FE2F2B0B7EB400D3C1D6 /* Models */ = {
			isa = PBXGroup;
			children = (
				E015FE302B0B7EFE00D3C1D6 /* Reminder.swift */,
				E05C785F2B0BEF74004374D8 /* ReminderE.swift */,
				E05C78832B0C277F004374D8 /* Date+Today.swift */,
				E05C78852B0C27AD004374D8 /* UIColor+Today.swift */,
				E05C78872B0C27D4004374D8 /* Charater.swift */,
			);
			path = Models;
			sourceTree = "<group>";
		};
		E0326F992B065F8C006A7B96 = {
			isa = PBXGroup;
			children = (
				E0326FA42B065F8C006A7B96 /* GRUPO_FLG_3_M1 */,
				E0326FBE2B065F8E006A7B96 /* GRUPO_FLG_3_M1Tests */,
				E0326FC82B065F8E006A7B96 /* GRUPO_FLG_3_M1UITests */,
				E0326FA32B065F8C006A7B96 /* Products */,
			);
			sourceTree = "<group>";
		};
		E0326FA32B065F8C006A7B96 /* Products */ = {
			isa = PBXGroup;
			children = (
				E0326FA22B065F8C006A7B96 /* GRUPO_FLG_3_M1.app */,
				E0326FBB2B065F8E006A7B96 /* GRUPO_FLG_3_M1Tests.xctest */,
				E0326FC52B065F8E006A7B96 /* GRUPO_FLG_3_M1UITests.xctest */,
			);
			name = Products;
			sourceTree = "<group>";
		};
		E0326FA42B065F8C006A7B96 /* GRUPO_FLG_3_M1 */ = {
			isa = PBXGroup;
			children = (
				E0D57CC92B18DF1E00727DC1 /* Service */,
				E015FE2F2B0B7EB400D3C1D6 /* Models */,
				E0326FA52B065F8C006A7B96 /* AppDelegate.swift */,
				E0326FA72B065F8C006A7B96 /* SceneDelegate.swift */,
				E0326FAB2B065F8C006A7B96 /* Main.storyboard */,
				E0326FB12B065F8E006A7B96 /* Assets.xcassets */,
				E0326FB32B065F8E006A7B96 /* LaunchScreen.storyboard */,
				E0326FB62B065F8E006A7B96 /* Info.plist */,
				E0326FAE2B065F8C006A7B96 /* GRUPO_FLG_3_M1.xcdatamodeld */,
				E0326FD82B06A5C4006A7B96 /* FavoriteViewController.swift */,
				E0326FDA2B06A6B7006A7B96 /* SettingsViewController.swift */,
				E015FE292B07E6AF00D3C1D6 /* EvaluatedViewController.swift */,
				CC80511E2B5FE65D00D2E689 /* StarRatingView.swift */,
				E015FE2B2B0AD78D00D3C1D6 /* MyCollectionViewCell.swift */,
				E015FE2C2B0AD78D00D3C1D6 /* MyCollectionViewCell.xib */,
				E06E55182B0CE84B00ADD844 /* MyCacheManager.swift */,
			);
			path = GRUPO_FLG_3_M1;
			sourceTree = "<group>";
		};
		E0326FBE2B065F8E006A7B96 /* GRUPO_FLG_3_M1Tests */ = {
			isa = PBXGroup;
			children = (
				E0326FBF2B065F8E006A7B96 /* GRUPO_FLG_3_M1Tests.swift */,
			);
			path = GRUPO_FLG_3_M1Tests;
			sourceTree = "<group>";
		};
		E0326FC82B065F8E006A7B96 /* GRUPO_FLG_3_M1UITests */ = {
			isa = PBXGroup;
			children = (
				E0326FC92B065F8E006A7B96 /* GRUPO_FLG_3_M1UITests.swift */,
				E0326FCB2B065F8E006A7B96 /* GRUPO_FLG_3_M1UITestsLaunchTests.swift */,
			);
			path = GRUPO_FLG_3_M1UITests;
			sourceTree = "<group>";
		};
		E0D57CC92B18DF1E00727DC1 /* Service */ = {
			isa = PBXGroup;
			children = (
				E0D57CCA2B18DF6B00727DC1 /* GOTService.swift */,
				CC0489952B5979C1002EDAF4 /* CharacterViewController.swift */,
				CC0489972B597A30002EDAF4 /* DetailViewController.swift */,
				E0D2680F2B5EA9A600C1ED04 /* CharacterTableViewCell.swift */,
			);
			path = Service;
			sourceTree = "<group>";
		};
/* End PBXGroup section */

/* Begin PBXNativeTarget section */
		E0326FA12B065F8C006A7B96 /* GRUPO_FLG_3_M1 */ = {
			isa = PBXNativeTarget;
			buildConfigurationList = E0326FCF2B065F8E006A7B96 /* Build configuration list for PBXNativeTarget "GRUPO_FLG_3_M1" */;
			buildPhases = (
				E0326F9E2B065F8C006A7B96 /* Sources */,
				E0326F9F2B065F8C006A7B96 /* Frameworks */,
				E0326FA02B065F8C006A7B96 /* Resources */,
			);
			buildRules = (
			);
			dependencies = (
			);
			name = GRUPO_FLG_3_M1;
			productName = GRUPO_FLG_3_M1;
			productReference = E0326FA22B065F8C006A7B96 /* GRUPO_FLG_3_M1.app */;
			productType = "com.apple.product-type.application";
		};
		E0326FBA2B065F8E006A7B96 /* GRUPO_FLG_3_M1Tests */ = {
			isa = PBXNativeTarget;
			buildConfigurationList = E0326FD22B065F8E006A7B96 /* Build configuration list for PBXNativeTarget "GRUPO_FLG_3_M1Tests" */;
			buildPhases = (
				E0326FB72B065F8E006A7B96 /* Sources */,
				E0326FB82B065F8E006A7B96 /* Frameworks */,
				E0326FB92B065F8E006A7B96 /* Resources */,
			);
			buildRules = (
			);
			dependencies = (
				E0326FBD2B065F8E006A7B96 /* PBXTargetDependency */,
			);
			name = GRUPO_FLG_3_M1Tests;
			productName = GRUPO_FLG_3_M1Tests;
			productReference = E0326FBB2B065F8E006A7B96 /* GRUPO_FLG_3_M1Tests.xctest */;
			productType = "com.apple.product-type.bundle.unit-test";
		};
		E0326FC42B065F8E006A7B96 /* GRUPO_FLG_3_M1UITests */ = {
			isa = PBXNativeTarget;
			buildConfigurationList = E0326FD52B065F8E006A7B96 /* Build configuration list for PBXNativeTarget "GRUPO_FLG_3_M1UITests" */;
			buildPhases = (
				E0326FC12B065F8E006A7B96 /* Sources */,
				E0326FC22B065F8E006A7B96 /* Frameworks */,
				E0326FC32B065F8E006A7B96 /* Resources */,
			);
			buildRules = (
			);
			dependencies = (
				E0326FC72B065F8E006A7B96 /* PBXTargetDependency */,
			);
			name = GRUPO_FLG_3_M1UITests;
			productName = GRUPO_FLG_3_M1UITests;
			productReference = E0326FC52B065F8E006A7B96 /* GRUPO_FLG_3_M1UITests.xctest */;
			productType = "com.apple.product-type.bundle.ui-testing";
		};
/* End PBXNativeTarget section */

/* Begin PBXProject section */
		E0326F9A2B065F8C006A7B96 /* Project object */ = {
			isa = PBXProject;
			attributes = {
				BuildIndependentTargetsInParallel = 1;
				LastSwiftUpdateCheck = 1500;
				LastUpgradeCheck = 1500;
				TargetAttributes = {
					E0326FA12B065F8C006A7B96 = {
						CreatedOnToolsVersion = 15.0;
					};
					E0326FBA2B065F8E006A7B96 = {
						CreatedOnToolsVersion = 15.0;
						TestTargetID = E0326FA12B065F8C006A7B96;
					};
					E0326FC42B065F8E006A7B96 = {
						CreatedOnToolsVersion = 15.0;
						TestTargetID = E0326FA12B065F8C006A7B96;
					};
				};
			};
			buildConfigurationList = E0326F9D2B065F8C006A7B96 /* Build configuration list for PBXProject "GRUPO_FLG_3_M1" */;
			compatibilityVersion = "Xcode 14.0";
			developmentRegion = en;
			hasScannedForEncodings = 0;
			knownRegions = (
				en,
				Base,
			);
			mainGroup = E0326F992B065F8C006A7B96;
			productRefGroup = E0326FA32B065F8C006A7B96 /* Products */;
			projectDirPath = "";
			projectRoot = "";
			targets = (
				E0326FA12B065F8C006A7B96 /* GRUPO_FLG_3_M1 */,
				E0326FBA2B065F8E006A7B96 /* GRUPO_FLG_3_M1Tests */,
				E0326FC42B065F8E006A7B96 /* GRUPO_FLG_3_M1UITests */,
			);
		};
/* End PBXProject section */

/* Begin PBXResourcesBuildPhase section */
		E0326FA02B065F8C006A7B96 /* Resources */ = {
			isa = PBXResourcesBuildPhase;
			buildActionMask = 2147483647;
			files = (
				E0326FB52B065F8E006A7B96 /* LaunchScreen.storyboard in Resources */,
				E0326FB22B065F8E006A7B96 /* Assets.xcassets in Resources */,
				E015FE2E2B0AD78D00D3C1D6 /* MyCollectionViewCell.xib in Resources */,
				E0326FAD2B065F8C006A7B96 /* Main.storyboard in Resources */,
			);
			runOnlyForDeploymentPostprocessing = 0;
		};
		E0326FB92B065F8E006A7B96 /* Resources */ = {
			isa = PBXResourcesBuildPhase;
			buildActionMask = 2147483647;
			files = (
			);
			runOnlyForDeploymentPostprocessing = 0;
		};
		E0326FC32B065F8E006A7B96 /* Resources */ = {
			isa = PBXResourcesBuildPhase;
			buildActionMask = 2147483647;
			files = (
			);
			runOnlyForDeploymentPostprocessing = 0;
		};
/* End PBXResourcesBuildPhase section */

/* Begin PBXSourcesBuildPhase section */
		E0326F9E2B065F8C006A7B96 /* Sources */ = {
			isa = PBXSourcesBuildPhase;
			buildActionMask = 2147483647;
			files = (
				E015FE2A2B07E6AF00D3C1D6 /* EvaluatedViewController.swift in Sources */,
				CC0489982B597A30002EDAF4 /* DetailViewController.swift in Sources */,
				CC80511F2B5FE65D00D2E689 /* StarRatingView.swift in Sources */,
				E0D57CCB2B18DF6B00727DC1 /* GOTService.swift in Sources */,
				E015FE2D2B0AD78D00D3C1D6 /* MyCollectionViewCell.swift in Sources */,
				E0326FA62B065F8C006A7B96 /* AppDelegate.swift in Sources */,
				CC0489962B5979C1002EDAF4 /* CharacterViewController.swift in Sources */,
				E05C78842B0C277F004374D8 /* Date+Today.swift in Sources */,
				E05C78862B0C27AD004374D8 /* UIColor+Today.swift in Sources */,
				E0326FD92B06A5C4006A7B96 /* FavoriteViewController.swift in Sources */,
				E05C78882B0C27D4004374D8 /* Charater.swift in Sources */,
				E0326FA82B065F8C006A7B96 /* SceneDelegate.swift in Sources */,
				E015FE312B0B7EFE00D3C1D6 /* Reminder.swift in Sources */,
				E0D268102B5EA9A600C1ED04 /* CharacterTableViewCell.swift in Sources */,
				E05C78602B0BEF74004374D8 /* ReminderE.swift in Sources */,
				E06E55192B0CE84B00ADD844 /* MyCacheManager.swift in Sources */,
				E0326FB02B065F8C006A7B96 /* GRUPO_FLG_3_M1.xcdatamodeld in Sources */,
				E0326FDB2B06A6B7006A7B96 /* SettingsViewController.swift in Sources */,
			);
			runOnlyForDeploymentPostprocessing = 0;
		};
		E0326FB72B065F8E006A7B96 /* Sources */ = {
			isa = PBXSourcesBuildPhase;
			buildActionMask = 2147483647;
			files = (
				E0326FC02B065F8E006A7B96 /* GRUPO_FLG_3_M1Tests.swift in Sources */,
			);
			runOnlyForDeploymentPostprocessing = 0;
		};
		E0326FC12B065F8E006A7B96 /* Sources */ = {
			isa = PBXSourcesBuildPhase;
			buildActionMask = 2147483647;
			files = (
				E0326FCC2B065F8E006A7B96 /* GRUPO_FLG_3_M1UITestsLaunchTests.swift in Sources */,
				E0326FCA2B065F8E006A7B96 /* GRUPO_FLG_3_M1UITests.swift in Sources */,
			);
			runOnlyForDeploymentPostprocessing = 0;
		};
/* End PBXSourcesBuildPhase section */

/* Begin PBXTargetDependency section */
		E0326FBD2B065F8E006A7B96 /* PBXTargetDependency */ = {
			isa = PBXTargetDependency;
			target = E0326FA12B065F8C006A7B96 /* GRUPO_FLG_3_M1 */;
			targetProxy = E0326FBC2B065F8E006A7B96 /* PBXContainerItemProxy */;
		};
		E0326FC72B065F8E006A7B96 /* PBXTargetDependency */ = {
			isa = PBXTargetDependency;
			target = E0326FA12B065F8C006A7B96 /* GRUPO_FLG_3_M1 */;
			targetProxy = E0326FC62B065F8E006A7B96 /* PBXContainerItemProxy */;
		};
/* End PBXTargetDependency section */

/* Begin PBXVariantGroup section */
		E0326FAB2B065F8C006A7B96 /* Main.storyboard */ = {
			isa = PBXVariantGroup;
			children = (
				E0326FAC2B065F8C006A7B96 /* Base */,
			);
			name = Main.storyboard;
			sourceTree = "<group>";
		};
		E0326FB32B065F8E006A7B96 /* LaunchScreen.storyboard */ = {
			isa = PBXVariantGroup;
			children = (
				E0326FB42B065F8E006A7B96 /* Base */,
			);
			name = LaunchScreen.storyboard;
			sourceTree = "<group>";
		};
/* End PBXVariantGroup section */

/* Begin XCBuildConfiguration section */
		E0326FCD2B065F8E006A7B96 /* Debug */ = {
			isa = XCBuildConfiguration;
			buildSettings = {
				ALWAYS_SEARCH_USER_PATHS = NO;
				ASSETCATALOG_COMPILER_GENERATE_SWIFT_ASSET_SYMBOL_EXTENSIONS = YES;
				CLANG_ANALYZER_NONNULL = YES;
				CLANG_ANALYZER_NUMBER_OBJECT_CONVERSION = YES_AGGRESSIVE;
				CLANG_CXX_LANGUAGE_STANDARD = "gnu++20";
				CLANG_ENABLE_MODULES = YES;
				CLANG_ENABLE_OBJC_ARC = YES;
				CLANG_ENABLE_OBJC_WEAK = YES;
				CLANG_WARN_BLOCK_CAPTURE_AUTORELEASING = YES;
				CLANG_WARN_BOOL_CONVERSION = YES;
				CLANG_WARN_COMMA = YES;
				CLANG_WARN_CONSTANT_CONVERSION = YES;
				CLANG_WARN_DEPRECATED_OBJC_IMPLEMENTATIONS = YES;
				CLANG_WARN_DIRECT_OBJC_ISA_USAGE = YES_ERROR;
				CLANG_WARN_DOCUMENTATION_COMMENTS = YES;
				CLANG_WARN_EMPTY_BODY = YES;
				CLANG_WARN_ENUM_CONVERSION = YES;
				CLANG_WARN_INFINITE_RECURSION = YES;
				CLANG_WARN_INT_CONVERSION = YES;
				CLANG_WARN_NON_LITERAL_NULL_CONVERSION = YES;
				CLANG_WARN_OBJC_IMPLICIT_RETAIN_SELF = YES;
				CLANG_WARN_OBJC_LITERAL_CONVERSION = YES;
				CLANG_WARN_OBJC_ROOT_CLASS = YES_ERROR;
				CLANG_WARN_QUOTED_INCLUDE_IN_FRAMEWORK_HEADER = YES;
				CLANG_WARN_RANGE_LOOP_ANALYSIS = YES;
				CLANG_WARN_STRICT_PROTOTYPES = YES;
				CLANG_WARN_SUSPICIOUS_MOVE = YES;
				CLANG_WARN_UNGUARDED_AVAILABILITY = YES_AGGRESSIVE;
				CLANG_WARN_UNREACHABLE_CODE = YES;
				CLANG_WARN__DUPLICATE_METHOD_MATCH = YES;
				CODE_SIGN_IDENTITY = "Apple Development: fabio04pt@gmail.com (JN7UD266RM)";
				COPY_PHASE_STRIP = NO;
				DEBUG_INFORMATION_FORMAT = dwarf;
				ENABLE_STRICT_OBJC_MSGSEND = YES;
				ENABLE_TESTABILITY = YES;
				ENABLE_USER_SCRIPT_SANDBOXING = YES;
				GCC_C_LANGUAGE_STANDARD = gnu17;
				GCC_DYNAMIC_NO_PIC = NO;
				GCC_NO_COMMON_BLOCKS = YES;
				GCC_OPTIMIZATION_LEVEL = 0;
				GCC_PREPROCESSOR_DEFINITIONS = (
					"DEBUG=1",
					"$(inherited)",
				);
				GCC_WARN_64_TO_32_BIT_CONVERSION = YES;
				GCC_WARN_ABOUT_RETURN_TYPE = YES_ERROR;
				GCC_WARN_UNDECLARED_SELECTOR = YES;
				GCC_WARN_UNINITIALIZED_AUTOS = YES_AGGRESSIVE;
				GCC_WARN_UNUSED_FUNCTION = YES;
				GCC_WARN_UNUSED_VARIABLE = YES;
				IPHONEOS_DEPLOYMENT_TARGET = 17.0;
				LOCALIZATION_PREFERS_STRING_CATALOGS = YES;
				MTL_ENABLE_DEBUG_INFO = INCLUDE_SOURCE;
				MTL_FAST_MATH = YES;
				ONLY_ACTIVE_ARCH = YES;
				SDKROOT = iphoneos;
				SWIFT_ACTIVE_COMPILATION_CONDITIONS = "DEBUG $(inherited)";
				SWIFT_OPTIMIZATION_LEVEL = "-Onone";
			};
			name = Debug;
		};
		E0326FCE2B065F8E006A7B96 /* Release */ = {
			isa = XCBuildConfiguration;
			buildSettings = {
				ALWAYS_SEARCH_USER_PATHS = NO;
				ASSETCATALOG_COMPILER_GENERATE_SWIFT_ASSET_SYMBOL_EXTENSIONS = YES;
				CLANG_ANALYZER_NONNULL = YES;
				CLANG_ANALYZER_NUMBER_OBJECT_CONVERSION = YES_AGGRESSIVE;
				CLANG_CXX_LANGUAGE_STANDARD = "gnu++20";
				CLANG_ENABLE_MODULES = YES;
				CLANG_ENABLE_OBJC_ARC = YES;
				CLANG_ENABLE_OBJC_WEAK = YES;
				CLANG_WARN_BLOCK_CAPTURE_AUTORELEASING = YES;
				CLANG_WARN_BOOL_CONVERSION = YES;
				CLANG_WARN_COMMA = YES;
				CLANG_WARN_CONSTANT_CONVERSION = YES;
				CLANG_WARN_DEPRECATED_OBJC_IMPLEMENTATIONS = YES;
				CLANG_WARN_DIRECT_OBJC_ISA_USAGE = YES_ERROR;
				CLANG_WARN_DOCUMENTATION_COMMENTS = YES;
				CLANG_WARN_EMPTY_BODY = YES;
				CLANG_WARN_ENUM_CONVERSION = YES;
				CLANG_WARN_INFINITE_RECURSION = YES;
				CLANG_WARN_INT_CONVERSION = YES;
				CLANG_WARN_NON_LITERAL_NULL_CONVERSION = YES;
				CLANG_WARN_OBJC_IMPLICIT_RETAIN_SELF = YES;
				CLANG_WARN_OBJC_LITERAL_CONVERSION = YES;
				CLANG_WARN_OBJC_ROOT_CLASS = YES_ERROR;
				CLANG_WARN_QUOTED_INCLUDE_IN_FRAMEWORK_HEADER = YES;
				CLANG_WARN_RANGE_LOOP_ANALYSIS = YES;
				CLANG_WARN_STRICT_PROTOTYPES = YES;
				CLANG_WARN_SUSPICIOUS_MOVE = YES;
				CLANG_WARN_UNGUARDED_AVAILABILITY = YES_AGGRESSIVE;
				CLANG_WARN_UNREACHABLE_CODE = YES;
				CLANG_WARN__DUPLICATE_METHOD_MATCH = YES;
				CODE_SIGN_IDENTITY = "Apple Development: fabio04pt@gmail.com (JN7UD266RM)";
				COPY_PHASE_STRIP = NO;
				DEBUG_INFORMATION_FORMAT = "dwarf-with-dsym";
				ENABLE_NS_ASSERTIONS = NO;
				ENABLE_STRICT_OBJC_MSGSEND = YES;
				ENABLE_USER_SCRIPT_SANDBOXING = YES;
				GCC_C_LANGUAGE_STANDARD = gnu17;
				GCC_NO_COMMON_BLOCKS = YES;
				GCC_WARN_64_TO_32_BIT_CONVERSION = YES;
				GCC_WARN_ABOUT_RETURN_TYPE = YES_ERROR;
				GCC_WARN_UNDECLARED_SELECTOR = YES;
				GCC_WARN_UNINITIALIZED_AUTOS = YES_AGGRESSIVE;
				GCC_WARN_UNUSED_FUNCTION = YES;
				GCC_WARN_UNUSED_VARIABLE = YES;
				IPHONEOS_DEPLOYMENT_TARGET = 17.0;
				LOCALIZATION_PREFERS_STRING_CATALOGS = YES;
				MTL_ENABLE_DEBUG_INFO = NO;
				MTL_FAST_MATH = YES;
				SDKROOT = iphoneos;
				SWIFT_COMPILATION_MODE = wholemodule;
				VALIDATE_PRODUCT = YES;
			};
			name = Release;
		};
		E0326FD02B065F8E006A7B96 /* Debug */ = {
			isa = XCBuildConfiguration;
			buildSettings = {
				ASSETCATALOG_COMPILER_APPICON_NAME = AppIcon;
				ASSETCATALOG_COMPILER_GLOBAL_ACCENT_COLOR_NAME = AccentColor;
				CODE_SIGN_STYLE = Automatic;
				CURRENT_PROJECT_VERSION = 1;
				DEVELOPMENT_TEAM = 3XVRM8Y74G;
				GENERATE_INFOPLIST_FILE = YES;
				INFOPLIST_FILE = GRUPO_FLG_3_M1/Info.plist;
				INFOPLIST_KEY_UIApplicationSupportsIndirectInputEvents = YES;
				INFOPLIST_KEY_UILaunchStoryboardName = LaunchScreen;
				INFOPLIST_KEY_UIMainStoryboardFile = Main;
				INFOPLIST_KEY_UISupportedInterfaceOrientations_iPad = "UIInterfaceOrientationPortrait UIInterfaceOrientationPortraitUpsideDown UIInterfaceOrientationLandscapeLeft UIInterfaceOrientationLandscapeRight";
				INFOPLIST_KEY_UISupportedInterfaceOrientations_iPhone = "UIInterfaceOrientationPortrait UIInterfaceOrientationLandscapeLeft UIInterfaceOrientationLandscapeRight";
				LD_RUNPATH_SEARCH_PATHS = (
					"$(inherited)",
					"@executable_path/Frameworks",
				);
				MARKETING_VERSION = 1.0;
				PRODUCT_BUNDLE_IDENTIFIER = "Cizi.GRUPO-FLG-3-M1";
				PRODUCT_NAME = "$(TARGET_NAME)";
				SWIFT_EMIT_LOC_STRINGS = YES;
				SWIFT_VERSION = 5.0;
				TARGETED_DEVICE_FAMILY = "1,2";
			};
			name = Debug;
		};
		E0326FD12B065F8E006A7B96 /* Release */ = {
			isa = XCBuildConfiguration;
			buildSettings = {
				ASSETCATALOG_COMPILER_APPICON_NAME = AppIcon;
				ASSETCATALOG_COMPILER_GLOBAL_ACCENT_COLOR_NAME = AccentColor;
				CODE_SIGN_STYLE = Automatic;
				CURRENT_PROJECT_VERSION = 1;
				DEVELOPMENT_TEAM = 3XVRM8Y74G;
				GENERATE_INFOPLIST_FILE = YES;
				INFOPLIST_FILE = GRUPO_FLG_3_M1/Info.plist;
				INFOPLIST_KEY_UIApplicationSupportsIndirectInputEvents = YES;
				INFOPLIST_KEY_UILaunchStoryboardName = LaunchScreen;
				INFOPLIST_KEY_UIMainStoryboardFile = Main;
				INFOPLIST_KEY_UISupportedInterfaceOrientations_iPad = "UIInterfaceOrientationPortrait UIInterfaceOrientationPortraitUpsideDown UIInterfaceOrientationLandscapeLeft UIInterfaceOrientationLandscapeRight";
				INFOPLIST_KEY_UISupportedInterfaceOrientations_iPhone = "UIInterfaceOrientationPortrait UIInterfaceOrientationLandscapeLeft UIInterfaceOrientationLandscapeRight";
				LD_RUNPATH_SEARCH_PATHS = (
					"$(inherited)",
					"@executable_path/Frameworks",
				);
				MARKETING_VERSION = 1.0;
				PRODUCT_BUNDLE_IDENTIFIER = "Cizi.GRUPO-FLG-3-M1";
				PRODUCT_NAME = "$(TARGET_NAME)";
				SWIFT_EMIT_LOC_STRINGS = YES;
				SWIFT_VERSION = 5.0;
				TARGETED_DEVICE_FAMILY = "1,2";
			};
			name = Release;
		};
		E0326FD32B065F8E006A7B96 /* Debug */ = {
			isa = XCBuildConfiguration;
			buildSettings = {
				ALWAYS_EMBED_SWIFT_STANDARD_LIBRARIES = YES;
				BUNDLE_LOADER = "$(TEST_HOST)";
				CODE_SIGN_STYLE = Automatic;
				CURRENT_PROJECT_VERSION = 1;
				DEVELOPMENT_TEAM = 3XVRM8Y74G;
				GENERATE_INFOPLIST_FILE = YES;
				IPHONEOS_DEPLOYMENT_TARGET = 17.0;
				MARKETING_VERSION = 1.0;
				PRODUCT_BUNDLE_IDENTIFIER = "Cizi.GRUPO-FLG-3-M1Tests";
				PRODUCT_NAME = "$(TARGET_NAME)";
				SWIFT_EMIT_LOC_STRINGS = NO;
				SWIFT_VERSION = 5.0;
				TARGETED_DEVICE_FAMILY = "1,2";
				TEST_HOST = "$(BUILT_PRODUCTS_DIR)/GRUPO_FLG_3_M1.app/$(BUNDLE_EXECUTABLE_FOLDER_PATH)/GRUPO_FLG_3_M1";
			};
			name = Debug;
		};
		E0326FD42B065F8E006A7B96 /* Release */ = {
			isa = XCBuildConfiguration;
			buildSettings = {
				ALWAYS_EMBED_SWIFT_STANDARD_LIBRARIES = YES;
				BUNDLE_LOADER = "$(TEST_HOST)";
				CODE_SIGN_STYLE = Automatic;
				CURRENT_PROJECT_VERSION = 1;
				DEVELOPMENT_TEAM = 3XVRM8Y74G;
				GENERATE_INFOPLIST_FILE = YES;
				IPHONEOS_DEPLOYMENT_TARGET = 17.0;
				MARKETING_VERSION = 1.0;
				PRODUCT_BUNDLE_IDENTIFIER = "Cizi.GRUPO-FLG-3-M1Tests";
				PRODUCT_NAME = "$(TARGET_NAME)";
				SWIFT_EMIT_LOC_STRINGS = NO;
				SWIFT_VERSION = 5.0;
				TARGETED_DEVICE_FAMILY = "1,2";
				TEST_HOST = "$(BUILT_PRODUCTS_DIR)/GRUPO_FLG_3_M1.app/$(BUNDLE_EXECUTABLE_FOLDER_PATH)/GRUPO_FLG_3_M1";
			};
			name = Release;
		};
		E0326FD62B065F8E006A7B96 /* Debug */ = {
			isa = XCBuildConfiguration;
			buildSettings = {
				ALWAYS_EMBED_SWIFT_STANDARD_LIBRARIES = YES;
				CODE_SIGN_STYLE = Automatic;
				CURRENT_PROJECT_VERSION = 1;
				DEVELOPMENT_TEAM = 3XVRM8Y74G;
				GENERATE_INFOPLIST_FILE = YES;
				MARKETING_VERSION = 1.0;
				PRODUCT_BUNDLE_IDENTIFIER = "Cizi.GRUPO-FLG-3-M1UITests";
				PRODUCT_NAME = "$(TARGET_NAME)";
				SWIFT_EMIT_LOC_STRINGS = NO;
				SWIFT_VERSION = 5.0;
				TARGETED_DEVICE_FAMILY = "1,2";
				TEST_TARGET_NAME = GRUPO_FLG_3_M1;
			};
			name = Debug;
		};
		E0326FD72B065F8E006A7B96 /* Release */ = {
			isa = XCBuildConfiguration;
			buildSettings = {
				ALWAYS_EMBED_SWIFT_STANDARD_LIBRARIES = YES;
				CODE_SIGN_STYLE = Automatic;
				CURRENT_PROJECT_VERSION = 1;
				DEVELOPMENT_TEAM = 3XVRM8Y74G;
				GENERATE_INFOPLIST_FILE = YES;
				MARKETING_VERSION = 1.0;
				PRODUCT_BUNDLE_IDENTIFIER = "Cizi.GRUPO-FLG-3-M1UITests";
				PRODUCT_NAME = "$(TARGET_NAME)";
				SWIFT_EMIT_LOC_STRINGS = NO;
				SWIFT_VERSION = 5.0;
				TARGETED_DEVICE_FAMILY = "1,2";
				TEST_TARGET_NAME = GRUPO_FLG_3_M1;
			};
			name = Release;
		};
/* End XCBuildConfiguration section */

/* Begin XCConfigurationList section */
		E0326F9D2B065F8C006A7B96 /* Build configuration list for PBXProject "GRUPO_FLG_3_M1" */ = {
			isa = XCConfigurationList;
			buildConfigurations = (
				E0326FCD2B065F8E006A7B96 /* Debug */,
				E0326FCE2B065F8E006A7B96 /* Release */,
			);
			defaultConfigurationIsVisible = 0;
			defaultConfigurationName = Release;
		};
		E0326FCF2B065F8E006A7B96 /* Build configuration list for PBXNativeTarget "GRUPO_FLG_3_M1" */ = {
			isa = XCConfigurationList;
			buildConfigurations = (
				E0326FD02B065F8E006A7B96 /* Debug */,
				E0326FD12B065F8E006A7B96 /* Release */,
			);
			defaultConfigurationIsVisible = 0;
			defaultConfigurationName = Release;
		};
		E0326FD22B065F8E006A7B96 /* Build configuration list for PBXNativeTarget "GRUPO_FLG_3_M1Tests" */ = {
			isa = XCConfigurationList;
			buildConfigurations = (
				E0326FD32B065F8E006A7B96 /* Debug */,
				E0326FD42B065F8E006A7B96 /* Release */,
			);
			defaultConfigurationIsVisible = 0;
			defaultConfigurationName = Release;
		};
		E0326FD52B065F8E006A7B96 /* Build configuration list for PBXNativeTarget "GRUPO_FLG_3_M1UITests" */ = {
			isa = XCConfigurationList;
			buildConfigurations = (
				E0326FD62B065F8E006A7B96 /* Debug */,
				E0326FD72B065F8E006A7B96 /* Release */,
			);
			defaultConfigurationIsVisible = 0;
			defaultConfigurationName = Release;
		};
/* End XCConfigurationList section */

/* Begin XCVersionGroup section */
		E0326FAE2B065F8C006A7B96 /* GRUPO_FLG_3_M1.xcdatamodeld */ = {
			isa = XCVersionGroup;
			children = (
				E0326FAF2B065F8C006A7B96 /* GRUPO_FLG_3_M1.xcdatamodel */,
			);
			currentVersion = E0326FAF2B065F8C006A7B96 /* GRUPO_FLG_3_M1.xcdatamodel */;
			path = GRUPO_FLG_3_M1.xcdatamodeld;
			sourceTree = "<group>";
			versionGroupType = wrapper.xcdatamodel;
		};
/* End XCVersionGroup section */
	};
	rootObject = E0326F9A2B065F8C006A7B96 /* Project object */;
}
